
Microsoft Visual Studio Solution File, Format Version 12.00
# Visual Studio Version 16
VisualStudioVersion = 16.0.31515.178
MinimumVisualStudioVersion = 10.0.40219.1
Project("{FAE04EC0-301F-11D3-BF4B-00C04F79EFBC}") = "TestNewbookmodels", "TestNewbookmodels\TestNewbookmodels.csproj", "{684AB0DD-A6FD-4A76-8EDE-80F22AD3B1D4}"
EndProject
Global
	GlobalSection(SolutionConfigurationPlatforms) = preSolution
		Debug|Any CPU = Debug|Any CPU
		Release|Any CPU = Release|Any CPU
	EndGlobalSection
	GlobalSection(ProjectConfigurationPlatforms) = postSolution
		{684AB0DD-A6FD-4A76-8EDE-80F22AD3B1D4}.Debug|Any CPU.ActiveCfg = Debug|Any CPU
		{684AB0DD-A6FD-4A76-8EDE-80F22AD3B1D4}.Debug|Any CPU.Build.0 = Debug|Any CPU
		{684AB0DD-A6FD-4A76-8EDE-80F22AD3B1D4}.Release|Any CPU.ActiveCfg = Release|Any CPU
		{684AB0DD-A6FD-4A76-8EDE-80F22AD3B1D4}.Release|Any CPU.Build.0 = Release|Any CPU
	EndGlobalSection
	GlobalSection(SolutionProperties) = preSolution
		HideSolutionNode = FALSE
	EndGlobalSection
	GlobalSection(ExtensibilityGlobals) = postSolution
		SolutionGuid = {29FB6BE7-8B49-460A-B016-A325639A1760}
	EndGlobalSection
EndGlobal
